// !$*UTF8*$!
{
	archiveVersion = 1;
	classes = {
	};
	objectVersion = 46;
	objects = {

/* Begin PBXBuildFile section */
		30E1BBD31BB04BF90076C579 /* main.m in Sources */ = {isa = PBXBuildFile; fileRef = 30E1BBD21BB04BF90076C579 /* main.m */; };
		30E1BBD61BB04BF90076C579 /* AppDelegate.m in Sources */ = {isa = PBXBuildFile; fileRef = 30E1BBD51BB04BF90076C579 /* AppDelegate.m */; };
		30E1BBD91BB04BF90076C579 /* ViewController.m in Sources */ = {isa = PBXBuildFile; fileRef = 30E1BBD81BB04BF90076C579 /* ViewController.m */; };
		30E1BBDC1BB04BF90076C579 /* Main.storyboard in Resources */ = {isa = PBXBuildFile; fileRef = 30E1BBDA1BB04BF90076C579 /* Main.storyboard */; };
		30E1BBDE1BB04BF90076C579 /* Assets.xcassets in Resources */ = {isa = PBXBuildFile; fileRef = 30E1BBDD1BB04BF90076C579 /* Assets.xcassets */; };
		30E1BBE11BB04BF90076C579 /* LaunchScreen.storyboard in Resources */ = {isa = PBXBuildFile; fileRef = 30E1BBDF1BB04BF90076C579 /* LaunchScreen.storyboard */; };
		30E1BBEC1BB04BF90076C579 /* SampleATSTests.m in Sources */ = {isa = PBXBuildFile; fileRef = 30E1BBEB1BB04BF90076C579 /* SampleATSTests.m */; };
		30E1BBF71BB04BF90076C579 /* SampleATSUITests.m in Sources */ = {isa = PBXBuildFile; fileRef = 30E1BBF61BB04BF90076C579 /* SampleATSUITests.m */; };
/* End PBXBuildFile section */

/* Begin PBXContainerItemProxy section */
		30E1BBE81BB04BF90076C579 /* PBXContainerItemProxy */ = {
			isa = PBXContainerItemProxy;
			containerPortal = 30E1BBC61BB04BF90076C579 /* Project object */;
			proxyType = 1;
			remoteGlobalIDString = 30E1BBCD1BB04BF90076C579;
			remoteInfo = SampleATS;
		};
		30E1BBF31BB04BF90076C579 /* PBXContainerItemProxy */ = {
			isa = PBXContainerItemProxy;
			containerPortal = 30E1BBC61BB04BF90076C579 /* Project object */;
			proxyType = 1;
			remoteGlobalIDString = 30E1BBCD1BB04BF90076C579;
			remoteInfo = SampleATS;
		};
/* End PBXContainerItemProxy section */

/* Begin PBXFileReference section */
		30E1BBCE1BB04BF90076C579 /* SampleATS.app */ = {isa = PBXFileReference; explicitFileType = wrapper.application; includeInIndex = 0; path = SampleATS.app; sourceTree = BUILT_PRODUCTS_DIR; };
		30E1BBD21BB04BF90076C579 /* main.m */ = {isa = PBXFileReference; lastKnownFileType = sourcecode.c.objc; path = main.m; sourceTree = "<group>"; };
		30E1BBD41BB04BF90076C579 /* AppDelegate.h */ = {isa = PBXFileReference; lastKnownFileType = sourcecode.c.h; path = AppDelegate.h; sourceTree = "<group>"; };
		30E1BBD51BB04BF90076C579 /* AppDelegate.m */ = {isa = PBXFileReference; lastKnownFileType = sourcecode.c.objc; path = AppDelegate.m; sourceTree = "<group>"; };
		30E1BBD71BB04BF90076C579 /* ViewController.h */ = {isa = PBXFileReference; lastKnownFileType = sourcecode.c.h; path = ViewController.h; sourceTree = "<group>"; };
		30E1BBD81BB04BF90076C579 /* ViewController.m */ = {isa = PBXFileReference; lastKnownFileType = sourcecode.c.objc; path = ViewController.m; sourceTree = "<group>"; };
		30E1BBDB1BB04BF90076C579 /* Base */ = {isa = PBXFileReference; lastKnownFileType = file.storyboard; name = Base; path = Base.lproj/Main.storyboard; sourceTree = "<group>"; };
		30E1BBDD1BB04BF90076C579 /* Assets.xcassets */ = {isa = PBXFileReference; lastKnownFileType = folder.assetcatalog; path = Assets.xcassets; sourceTree = "<group>"; };
		30E1BBE01BB04BF90076C579 /* Base */ = {isa = PBXFileReference; lastKnownFileType = file.storyboard; name = Base; path = Base.lproj/LaunchScreen.storyboard; sourceTree = "<group>"; };
		30E1BBE21BB04BF90076C579 /* Info.plist */ = {isa = PBXFileReference; lastKnownFileType = text.plist.xml; path = Info.plist; sourceTree = "<group>"; };
		30E1BBE71BB04BF90076C579 /* SampleATSTests.xctest */ = {isa = PBXFileReference; explicitFileType = wrapper.cfbundle; includeInIndex = 0; path = SampleATSTests.xctest; sourceTree = BUILT_PRODUCTS_DIR; };
		30E1BBEB1BB04BF90076C579 /* SampleATSTests.m */ = {isa = PBXFileReference; lastKnownFileType = sourcecode.c.objc; path = SampleATSTests.m; sourceTree = "<group>"; };
		30E1BBED1BB04BF90076C579 /* Info.plist */ = {isa = PBXFileReference; lastKnownFileType = text.plist.xml; path = Info.plist; sourceTree = "<group>"; };
		30E1BBF21BB04BF90076C579 /* SampleATSUITests.xctest */ = {isa = PBXFileReference; explicitFileType = wrapper.cfbundle; includeInIndex = 0; path = SampleATSUITests.xctest; sourceTree = BUILT_PRODUCTS_DIR; };
		30E1BBF61BB04BF90076C579 /* SampleATSUITests.m */ = {isa = PBXFileReference; lastKnownFileType = sourcecode.c.objc; path = SampleATSUITests.m; sourceTree = "<group>"; };
		30E1BBF81BB04BF90076C579 /* Info.plist */ = {isa = PBXFileReference; lastKnownFileType = text.plist.xml; path = Info.plist; sourceTree = "<group>"; };
/* End PBXFileReference section */

/* Begin PBXFrameworksBuildPhase section */
		30E1BBCB1BB04BF90076C579 /* Frameworks */ = {
			isa = PBXFrameworksBuildPhase;
			buildActionMask = 2147483647;
			files = (
			);
			runOnlyForDeploymentPostprocessing = 0;
		};
		30E1BBE41BB04BF90076C579 /* Frameworks */ = {
			isa = PBXFrameworksBuildPhase;
			buildActionMask = 2147483647;
			files = (
			);
			runOnlyForDeploymentPostprocessing = 0;
		};
		30E1BBEF1BB04BF90076C579 /* Frameworks */ = {
			isa = PBXFrameworksBuildPhase;
			buildActionMask = 2147483647;
			files = (
			);
			runOnlyForDeploymentPostprocessing = 0;
		};
/* End PBXFrameworksBuildPhase section */

/* Begin PBXGroup section */
		30E1BBC51BB04BF90076C579 = {
			isa = PBXGroup;
			children = (
				30E1BBD01BB04BF90076C579 /* SampleATS */,
				30E1BBEA1BB04BF90076C579 /* SampleATSTests */,
				30E1BBF51BB04BF90076C579 /* SampleATSUITests */,
				30E1BBCF1BB04BF90076C579 /* Products */,
			);
			sourceTree = "<group>";
		};
		30E1BBCF1BB04BF90076C579 /* Products */ = {
			isa = PBXGroup;
			children = (
				30E1BBCE1BB04BF90076C579 /* SampleATS.app */,
				30E1BBE71BB04BF90076C579 /* SampleATSTests.xctest */,
				30E1BBF21BB04BF90076C579 /* SampleATSUITests.xctest */,
			);
			name = Products;
			sourceTree = "<group>";
		};
		30E1BBD01BB04BF90076C579 /* SampleATS */ = {
			isa = PBXGroup;
			children = (
				30E1BBD41BB04BF90076C579 /* AppDelegate.h */,
				30E1BBD51BB04BF90076C579 /* AppDelegate.m */,
				30E1BBD71BB04BF90076C579 /* ViewController.h */,
				30E1BBD81BB04BF90076C579 /* ViewController.m */,
				30E1BBDA1BB04BF90076C579 /* Main.storyboard */,
				30E1BBDD1BB04BF90076C579 /* Assets.xcassets */,
				30E1BBDF1BB04BF90076C579 /* LaunchScreen.storyboard */,
				30E1BBE21BB04BF90076C579 /* Info.plist */,
				30E1BBD11BB04BF90076C579 /* Supporting Files */,
			);
			path = SampleATS;
			sourceTree = "<group>";
		};
		30E1BBD11BB04BF90076C579 /* Supporting Files */ = {
			isa = PBXGroup;
			children = (
				30E1BBD21BB04BF90076C579 /* main.m */,
			);
			name = "Supporting Files";
			sourceTree = "<group>";
		};
		30E1BBEA1BB04BF90076C579 /* SampleATSTests */ = {
			isa = PBXGroup;
			children = (
				30E1BBEB1BB04BF90076C579 /* SampleATSTests.m */,
				30E1BBED1BB04BF90076C579 /* Info.plist */,
			);
			path = SampleATSTests;
			sourceTree = "<group>";
		};
		30E1BBF51BB04BF90076C579 /* SampleATSUITests */ = {
			isa = PBXGroup;
			children = (
				30E1BBF61BB04BF90076C579 /* SampleATSUITests.m */,
				30E1BBF81BB04BF90076C579 /* Info.plist */,
			);
			path = SampleATSUITests;
			sourceTree = "<group>";
		};
/* End PBXGroup section */

/* Begin PBXNativeTarget section */
		30E1BBCD1BB04BF90076C579 /* SampleATS */ = {
			isa = PBXNativeTarget;
			buildConfigurationList = 30E1BBFB1BB04BF90076C579 /* Build configuration list for PBXNativeTarget "SampleATS" */;
			buildPhases = (
				30E1BBCA1BB04BF90076C579 /* Sources */,
				30E1BBCB1BB04BF90076C579 /* Frameworks */,
				30E1BBCC1BB04BF90076C579 /* Resources */,
			);
			buildRules = (
			);
			dependencies = (
			);
			name = SampleATS;
			productName = SampleATS;
			productReference = 30E1BBCE1BB04BF90076C579 /* SampleATS.app */;
			productType = "com.apple.product-type.application";
		};
		30E1BBE61BB04BF90076C579 /* SampleATSTests */ = {
			isa = PBXNativeTarget;
			buildConfigurationList = 30E1BBFE1BB04BF90076C579 /* Build configuration list for PBXNativeTarget "SampleATSTests" */;
			buildPhases = (
				30E1BBE31BB04BF90076C579 /* Sources */,
				30E1BBE41BB04BF90076C579 /* Frameworks */,
				30E1BBE51BB04BF90076C579 /* Resources */,
			);
			buildRules = (
			);
			dependencies = (
				30E1BBE91BB04BF90076C579 /* PBXTargetDependency */,
			);
			name = SampleATSTests;
			productName = SampleATSTests;
			productReference = 30E1BBE71BB04BF90076C579 /* SampleATSTests.xctest */;
			productType = "com.apple.product-type.bundle.unit-test";
		};
		30E1BBF11BB04BF90076C579 /* SampleATSUITests */ = {
			isa = PBXNativeTarget;
			buildConfigurationList = 30E1BC011BB04BF90076C579 /* Build configuration list for PBXNativeTarget "SampleATSUITests" */;
			buildPhases = (
				30E1BBEE1BB04BF90076C579 /* Sources */,
				30E1BBEF1BB04BF90076C579 /* Frameworks */,
				30E1BBF01BB04BF90076C579 /* Resources */,
			);
			buildRules = (
			);
			dependencies = (
				30E1BBF41BB04BF90076C579 /* PBXTargetDependency */,
			);
			name = SampleATSUITests;
			productName = SampleATSUITests;
			productReference = 30E1BBF21BB04BF90076C579 /* SampleATSUITests.xctest */;
			productType = "com.apple.product-type.bundle.ui-testing";
		};
/* End PBXNativeTarget section */

/* Begin PBXProject section */
		30E1BBC61BB04BF90076C579 /* Project object */ = {
			isa = PBXProject;
			attributes = {
				LastUpgradeCheck = 0700;
				ORGANIZATIONNAME = satoutakeshi;
				TargetAttributes = {
					30E1BBCD1BB04BF90076C579 = {
						CreatedOnToolsVersion = 7.0;
					};
					30E1BBE61BB04BF90076C579 = {
						CreatedOnToolsVersion = 7.0;
						TestTargetID = 30E1BBCD1BB04BF90076C579;
					};
					30E1BBF11BB04BF90076C579 = {
						CreatedOnToolsVersion = 7.0;
						TestTargetID = 30E1BBCD1BB04BF90076C579;
					};
				};
			};
			buildConfigurationList = 30E1BBC91BB04BF90076C579 /* Build configuration list for PBXProject "SampleATS" */;
			compatibilityVersion = "Xcode 3.2";
			developmentRegion = English;
			hasScannedForEncodings = 0;
			knownRegions = (
				en,
				Base,
			);
			mainGroup = 30E1BBC51BB04BF90076C579;
			productRefGroup = 30E1BBCF1BB04BF90076C579 /* Products */;
			projectDirPath = "";
			projectRoot = "";
			targets = (
				30E1BBCD1BB04BF90076C579 /* SampleATS */,
				30E1BBE61BB04BF90076C579 /* SampleATSTests */,
				30E1BBF11BB04BF90076C579 /* SampleATSUITests */,
			);
		};
/* End PBXProject section */

/* Begin PBXResourcesBuildPhase section */
		30E1BBCC1BB04BF90076C579 /* Resources */ = {
			isa = PBXResourcesBuildPhase;
			buildActionMask = 2147483647;
			files = (
				30E1BBE11BB04BF90076C579 /* LaunchScreen.storyboard in Resources */,
				30E1BBDE1BB04BF90076C579 /* Assets.xcassets in Resources */,
				30E1BBDC1BB04BF90076C579 /* Main.storyboard in Resources */,
			);
			runOnlyForDeploymentPostprocessing = 0;
		};
		30E1BBE51BB04BF90076C579 /* Resources */ = {
			isa = PBXResourcesBuildPhase;
			buildActionMask = 2147483647;
			files = (
			);
			runOnlyForDeploymentPostprocessing = 0;
		};
		30E1BBF01BB04BF90076C579 /* Resources */ = {
			isa = PBXResourcesBuildPhase;
			buildActionMask = 2147483647;
			files = (
			);
			runOnlyForDeploymentPostprocessing = 0;
		};
/* End PBXResourcesBuildPhase section */

/* Begin PBXSourcesBuildPhase section */
		30E1BBCA1BB04BF90076C579 /* Sources */ = {
			isa = PBXSourcesBuildPhase;
			buildActionMask = 2147483647;
			files = (
				30E1BBD91BB04BF90076C579 /* ViewController.m in Sources */,
				30E1BBD61BB04BF90076C579 /* AppDelegate.m in Sources */,
				30E1BBD31BB04BF90076C579 /* main.m in Sources */,
			);
			runOnlyForDeploymentPostprocessing = 0;
		};
		30E1BBE31BB04BF90076C579 /* Sources */ = {
			isa = PBXSourcesBuildPhase;
			buildActionMask = 2147483647;
			files = (
				30E1BBEC1BB04BF90076C579 /* SampleATSTests.m in Sources */,
			);
			runOnlyForDeploymentPostprocessing = 0;
		};
		30E1BBEE1BB04BF90076C579 /* Sources */ = {
			isa = PBXSourcesBuildPhase;
			buildActionMask = 2147483647;
			files = (
				30E1BBF71BB04BF90076C579 /* SampleATSUITests.m in Sources */,
			);
			runOnlyForDeploymentPostprocessing = 0;
		};
/* End PBXSourcesBuildPhase section */

/* Begin PBXTargetDependency section */
		30E1BBE91BB04BF90076C579 /* PBXTargetDependency */ = {
			isa = PBXTargetDependency;
			target = 30E1BBCD1BB04BF90076C579 /* SampleATS */;
			targetProxy = 30E1BBE81BB04BF90076C579 /* PBXContainerItemProxy */;
		};
		30E1BBF41BB04BF90076C579 /* PBXTargetDependency */ = {
			isa = PBXTargetDependency;
			target = 30E1BBCD1BB04BF90076C579 /* SampleATS */;
			targetProxy = 30E1BBF31BB04BF90076C579 /* PBXContainerItemProxy */;
		};
/* End PBXTargetDependency section */

/* Begin PBXVariantGroup section */
		30E1BBDA1BB04BF90076C579 /* Main.storyboard */ = {
			isa = PBXVariantGroup;
			children = (
				30E1BBDB1BB04BF90076C579 /* Base */,
			);
			name = Main.storyboard;
			sourceTree = "<group>";
		};
		30E1BBDF1BB04BF90076C579 /* LaunchScreen.storyboard */ = {
			isa = PBXVariantGroup;
			children = (
				30E1BBE01BB04BF90076C579 /* Base */,
			);
			name = LaunchScreen.storyboard;
			sourceTree = "<group>";
		};
/* End PBXVariantGroup section */

/* Begin XCBuildConfiguration section */
		30E1BBF91BB04BF90076C579 /* Debug */ = {
			isa = XCBuildConfiguration;
			buildSettings = {
				ALWAYS_SEARCH_USER_PATHS = NO;
				CLANG_CXX_LANGUAGE_STANDARD = "gnu++0x";
				CLANG_CXX_LIBRARY = "libc++";
				CLANG_ENABLE_MODULES = YES;
				CLANG_ENABLE_OBJC_ARC = YES;
				CLANG_WARN_BOOL_CONVERSION = YES;
				CLANG_WARN_CONSTANT_CONVERSION = YES;
				CLANG_WARN_DIRECT_OBJC_ISA_USAGE = YES_ERROR;
				CLANG_WARN_EMPTY_BODY = YES;
				CLANG_WARN_ENUM_CONVERSION = YES;
				CLANG_WARN_INT_CONVERSION = YES;
				CLANG_WARN_OBJC_ROOT_CLASS = YES_ERROR;
				CLANG_WARN_UNREACHABLE_CODE = YES;
				CLANG_WARN__DUPLICATE_METHOD_MATCH = YES;
				"CODE_SIGN_IDENTITY[sdk=iphoneos*]" = "iPhone Developer";
				COPY_PHASE_STRIP = NO;
				DEBUG_INFORMATION_FORMAT = dwarf;
				ENABLE_STRICT_OBJC_MSGSEND = YES;
				ENABLE_TESTABILITY = YES;
				GCC_C_LANGUAGE_STANDARD = gnu99;
				GCC_DYNAMIC_NO_PIC = NO;
				GCC_NO_COMMON_BLOCKS = YES;
				GCC_OPTIMIZATION_LEVEL = 0;
				GCC_PREPROCESSOR_DEFINITIONS = (
					"DEBUG=1",
					"$(inherited)",
				);
				GCC_WARN_64_TO_32_BIT_CONVERSION = YES;
				GCC_WARN_ABOUT_RETURN_TYPE = YES_ERROR;
				GCC_WARN_UNDECLARED_SELECTOR = YES;
				GCC_WARN_UNINITIALIZED_AUTOS = YES_AGGRESSIVE;
				GCC_WARN_UNUSED_FUNCTION = YES;
				GCC_WARN_UNUSED_VARIABLE = YES;
				IPHONEOS_DEPLOYMENT_TARGET = 9.0;
				MTL_ENABLE_DEBUG_INFO = YES;
				ONLY_ACTIVE_ARCH = YES;
				SDKROOT = iphoneos;
			};
			name = Debug;
		};
		30E1BBFA1BB04BF90076C579 /* Release */ = {
			isa = XCBuildConfiguration;
			buildSettings = {
				ALWAYS_SEARCH_USER_PATHS = NO;
				CLANG_CXX_LANGUAGE_STANDARD = "gnu++0x";
				CLANG_CXX_LIBRARY = "libc++";
				CLANG_ENABLE_MODULES = YES;
				CLANG_ENABLE_OBJC_ARC = YES;
				CLANG_WARN_BOOL_CONVERSION = YES;
				CLANG_WARN_CONSTANT_CONVERSION = YES;
				CLANG_WARN_DIRECT_OBJC_ISA_USAGE = YES_ERROR;
				CLANG_WARN_EMPTY_BODY = YES;
				CLANG_WARN_ENUM_CONVERSION = YES;
				CLANG_WARN_INT_CONVERSION = YES;
				CLANG_WARN_OBJC_ROOT_CLASS = YES_ERROR;
				CLANG_WARN_UNREACHABLE_CODE = YES;
				CLANG_WARN__DUPLICATE_METHOD_MATCH = YES;
				"CODE_SIGN_IDENTITY[sdk=iphoneos*]" = "iPhone Developer";
				COPY_PHASE_STRIP = NO;
				DEBUG_INFORMATION_FORMAT = "dwarf-with-dsym";
				ENABLE_NS_ASSERTIONS = NO;
				ENABLE_STRICT_OBJC_MSGSEND = YES;
				GCC_C_LANGUAGE_STANDARD = gnu99;
				GCC_NO_COMMON_BLOCKS = YES;
				GCC_WARN_64_TO_32_BIT_CONVERSION = YES;
				GCC_WARN_ABOUT_RETURN_TYPE = YES_ERROR;
				GCC_WARN_UNDECLARED_SELECTOR = YES;
				GCC_WARN_UNINITIALIZED_AUTOS = YES_AGGRESSIVE;
				GCC_WARN_UNUSED_FUNCTION = YES;
				GCC_WARN_UNUSED_VARIABLE = YES;
				IPHONEOS_DEPLOYMENT_TARGET = 9.0;
				MTL_ENABLE_DEBUG_INFO = NO;
				SDKROOT = iphoneos;
				VALIDATE_PRODUCT = YES;
			};
			name = Release;
		};
		30E1BBFC1BB04BF90076C579 /* Debug */ = {
			isa = XCBuildConfiguration;
			buildSettings = {
				ASSETCATALOG_COMPILER_APPICON_NAME = AppIcon;
				INFOPLIST_FILE = SampleATS/Info.plist;
				LD_RUNPATH_SEARCH_PATHS = "$(inherited) @executable_path/Frameworks";
				PRODUCT_BUNDLE_IDENTIFIER = pw.afrel.SampleATS;
				PRODUCT_NAME = "$(TARGET_NAME)";
			};
			name = Debug;
		};
		30E1BBFD1BB04BF90076C579 /* Release */ = {
			isa = XCBuildConfiguration;
			buildSettings = {
				ASSETCATALOG_COMPILER_APPICON_NAME = AppIcon;
				INFOPLIST_FILE = SampleATS/Info.plist;
				LD_RUNPATH_SEARCH_PATHS = "$(inherited) @executable_path/Frameworks";
				PRODUCT_BUNDLE_IDENTIFIER = pw.afrel.SampleATS;
				PRODUCT_NAME = "$(TARGET_NAME)";
			};
			name = Release;
		};
		30E1BBFF1BB04BF90076C579 /* Debug */ = {
			isa = XCBuildConfiguration;
			buildSettings = {
				BUNDLE_LOADER = "$(TEST_HOST)";
				INFOPLIST_FILE = SampleATSTests/Info.plist;
				LD_RUNPATH_SEARCH_PATHS = "$(inherited) @executable_path/Frameworks @loader_path/Frameworks";
				PRODUCT_BUNDLE_IDENTIFIER = pw.afrel.SampleATSTests;
				PRODUCT_NAME = "$(TARGET_NAME)";
				TEST_HOST = "$(BUILT_PRODUCTS_DIR)/SampleATS.app/SampleATS";
			};
			name = Debug;
		};
		30E1BC001BB04BF90076C579 /* Release */ = {
			isa = XCBuildConfiguration;
			buildSettings = {
				BUNDLE_LOADER = "$(TEST_HOST)";
				INFOPLIST_FILE = SampleATSTests/Info.plist;
				LD_RUNPATH_SEARCH_PATHS = "$(inherited) @executable_path/Frameworks @loader_path/Frameworks";
				PRODUCT_BUNDLE_IDENTIFIER = pw.afrel.SampleATSTests;
				PRODUCT_NAME = "$(TARGET_NAME)";
				TEST_HOST = "$(BUILT_PRODUCTS_DIR)/SampleATS.app/SampleATS";
			};
			name = Release;
		};
		30E1BC021BB04BF90076C579 /* Debug */ = {
			isa = XCBuildConfiguration;
			buildSettings = {
				INFOPLIST_FILE = SampleATSUITests/Info.plist;
				LD_RUNPATH_SEARCH_PATHS = "$(inherited) @executable_path/Frameworks @loader_path/Frameworks";
				PRODUCT_BUNDLE_IDENTIFIER = pw.afrel.SampleATSUITests;
				PRODUCT_NAME = "$(TARGET_NAME)";
				TEST_TARGET_NAME = SampleATS;
				USES_XCTRUNNER = YES;
			};
			name = Debug;
		};
		30E1BC031BB04BF90076C579 /* Release */ = {
			isa = XCBuildConfiguration;
			buildSettings = {
				INFOPLIST_FILE = SampleATSUITests/Info.plist;
				LD_RUNPATH_SEARCH_PATHS = "$(inherited) @executable_path/Frameworks @loader_path/Frameworks";
				PRODUCT_BUNDLE_IDENTIFIER = pw.afrel.SampleATSUITests;
				PRODUCT_NAME = "$(TARGET_NAME)";
				TEST_TARGET_NAME = SampleATS;
				USES_XCTRUNNER = YES;
			};
			name = Release;
		};
/* End XCBuildConfiguration section */

/* Begin XCConfigurationList section */
		30E1BBC91BB04BF90076C579 /* Build configuration list for PBXProject "SampleATS" */ = {
			isa = XCConfigurationList;
			buildConfigurations = (
				30E1BBF91BB04BF90076C579 /* Debug */,
				30E1BBFA1BB04BF90076C579 /* Release */,
			);
			defaultConfigurationIsVisible = 0;
			defaultConfigurationName = Release;
		};
		30E1BBFB1BB04BF90076C579 /* Build configuration list for PBXNativeTarget "SampleATS" */ = {
			isa = XCConfigurationList;
			buildConfigurations = (
				30E1BBFC1BB04BF90076C579 /* Debug */,
				30E1BBFD1BB04BF90076C579 /* Release */,
			);
			defaultConfigurationIsVisible = 0;
		};
		30E1BBFE1BB04BF90076C579 /* Build configuration list for PBXNativeTarget "SampleATSTests" */ = {
			isa = XCConfigurationList;
			buildConfigurations = (
				30E1BBFF1BB04BF90076C579 /* Debug */,
				30E1BC001BB04BF90076C579 /* Release */,
			);
			defaultConfigurationIsVisible = 0;
		};
		30E1BC011BB04BF90076C579 /* Build configuration list for PBXNativeTarget "SampleATSUITests" */ = {
			isa = XCConfigurationList;
			buildConfigurations = (
				30E1BC021BB04BF90076C579 /* Debug */,
				30E1BC031BB04BF90076C579 /* Release */,
			);
			defaultConfigurationIsVisible = 0;
		};
/* End XCConfigurationList section */
	};
	rootObject = 30E1BBC61BB04BF90076C579 /* Project object */;
}
